
Microsoft Visual Studio Solution File, Format Version 12.00
# Visual Studio Version 16
VisualStudioVersion = 16.0.29020.237
MinimumVisualStudioVersion = 10.0.40219.1
Project("{FAE04EC0-301F-11D3-BF4B-00C04F79EFBC}") = "ImgStat", "ImgStat\ImgStat.csproj", "{02BC7D24-BE62-4C8E-9172-3B14B5B3D2D1}"
EndProject
Global
	GlobalSection(SolutionConfigurationPlatforms) = preSolution
		Debug|Any CPU = Debug|Any CPU
		Release|Any CPU = Release|Any CPU
	EndGlobalSection
	GlobalSection(ProjectConfigurationPlatforms) = postSolution
		{02BC7D24-BE62-4C8E-9172-3B14B5B3D2D1}.Debug|Any CPU.ActiveCfg = Debug|Any CPU
		{02BC7D24-BE62-4C8E-9172-3B14B5B3D2D1}.Debug|Any CPU.Build.0 = Debug|Any CPU
		{02BC7D24-BE62-4C8E-9172-3B14B5B3D2D1}.Release|Any CPU.ActiveCfg = Release|Any CPU
		{02BC7D24-BE62-4C8E-9172-3B14B5B3D2D1}.Release|Any CPU.Build.0 = Release|Any CPU
	EndGlobalSection
	GlobalSection(SolutionProperties) = preSolution
		HideSolutionNode = FALSE
	EndGlobalSection
	GlobalSection(ExtensibilityGlobals) = postSolution
		SolutionGuid = {44E3CBFD-4560-4FE7-8D57-BD4C651F6B59}
	EndGlobalSection
EndGlobal
